
Microsoft Visual Studio Solution File, Format Version 12.00
# Visual Studio 2013
VisualStudioVersion = 12.0.31101.0
MinimumVisualStudioVersion = 10.0.40219.1
Project("{FAE04EC0-301F-11D3-BF4B-00C04F79EFBC}") = "Proekt_na_generaciyu.ODataBackend", "ODataBackend/Proekt_na_generaciyu.ODataBackend.csproj", "{A7063FCC-0E69-4532-9DA1-E0562A41CD14}"
EndProject
Project("{FAE04EC0-301F-11D3-BF4B-00C04F79EFBC}") = "Proekt_na_generaciyu.Objects", "Objects/Proekt_na_generaciyu.Objects.csproj", "{CA3F6894-BD78-4D0B-B9FE-027C2EFE93F8}"
EndProject
Global
	GlobalSection(SolutionConfigurationPlatforms) = preSolution
Debug|Any CPU = Debug|Any CPU
Release|Any CPU = Release|Any CPU
	EndGlobalSection
	GlobalSection(ProjectConfigurationPlatforms) = postSolution
		{A7063FCC-0E69-4532-9DA1-E0562A41CD14}.Debug|Any CPU.ActiveCfg = Debug|Any CPU
		{A7063FCC-0E69-4532-9DA1-E0562A41CD14}.Debug|Any CPU.Build.0 = Debug|Any CPU
		{A7063FCC-0E69-4532-9DA1-E0562A41CD14}.Release|Any CPU.ActiveCfg = Release|Any CPU
		{A7063FCC-0E69-4532-9DA1-E0562A41CD14}.Release|Any CPU.Build.0 = Release|Any CPU
		{CA3F6894-BD78-4D0B-B9FE-027C2EFE93F8}.Debug|Any CPU.ActiveCfg = Debug|Any CPU
		{CA3F6894-BD78-4D0B-B9FE-027C2EFE93F8}.Debug|Any CPU.Build.0 = Debug|Any CPU
		{CA3F6894-BD78-4D0B-B9FE-027C2EFE93F8}.Release|Any CPU.ActiveCfg = Release|Any CPU
		{CA3F6894-BD78-4D0B-B9FE-027C2EFE93F8}.Release|Any CPU.Build.0 = Release|Any CPU
	EndGlobalSection
	GlobalSection(SolutionProperties) = preSolution
		HideSolutionNode = FALSE
	EndGlobalSection
EndGlobal
